PODS:
  - DeviceKit (3.2.0)
  - ReachabilitySwift (5.0.0)
  - SDWebImage (5.8.1):
    - SDWebImage/Core (= 5.8.1)
  - SDWebImage/Core (5.8.1)
  - SwiftyJSON (5.0.0)
  - TagListView (1.4.0)

DEPENDENCIES:
  - DeviceKit
  - ReachabilitySwift
  - SDWebImage
  - SwiftyJSON
  - TagListView

SPEC REPOS:
  trunk:
    - DeviceKit
    - ReachabilitySwift
    - SDWebImage
    - SwiftyJSON
    - TagListView

SPEC CHECKSUMS:
  DeviceKit: d081659419cce07c0b5239dbc9fb39ed7413c7fe
  ReachabilitySwift: 985039c6f7b23a1da463388634119492ff86c825
  SDWebImage: e3eae2eda88578db0685a0c88597fdadd9433f05
  SwiftyJSON: 36413e04c44ee145039d332b4f4e2d3e8d6c4db7
  TagListView: 987b0bdbb16cd9d9e7c0e2ec32aff37ecba8b173

PODFILE CHECKSUM: 24558331d1171d1aea59e80f8632c861e5aeb017

COCOAPODS: 1.9.3
